
Microsoft Visual Studio Solution File, Format Version 12.00
# Visual Studio Version 17
VisualStudioVersion = 17.13.35913.81
MinimumVisualStudioVersion = 10.0.40219.1
Project("{FAE04EC0-301F-11D3-BF4B-00C04F79EFBC}") = "Base-Dades", "Base-Dades\Base-Dades.csproj", "{2BF5BFDC-EB7E-4CAA-8AA0-AAF64219C8D9}"
EndProject
Global
	GlobalSection(SolutionConfigurationPlatforms) = preSolution
		Debug|Any CPU = Debug|Any CPU
		Release|Any CPU = Release|Any CPU
	EndGlobalSection
	GlobalSection(ProjectConfigurationPlatforms) = postSolution
		{2BF5BFDC-EB7E-4CAA-8AA0-AAF64219C8D9}.Debug|Any CPU.ActiveCfg = Debug|Any CPU
		{2BF5BFDC-EB7E-4CAA-8AA0-AAF64219C8D9}.Debug|Any CPU.Build.0 = Debug|Any CPU
		{2BF5BFDC-EB7E-4CAA-8AA0-AAF64219C8D9}.Release|Any CPU.ActiveCfg = Release|Any CPU
		{2BF5BFDC-EB7E-4CAA-8AA0-AAF64219C8D9}.Release|Any CPU.Build.0 = Release|Any CPU
	EndGlobalSection
	GlobalSection(SolutionProperties) = preSolution
		HideSolutionNode = FALSE
	EndGlobalSection
	GlobalSection(ExtensibilityGlobals) = postSolution
		SolutionGuid = {9831CDF8-64E2-4E9E-A371-D1EC0A803BF1}
	EndGlobalSection
EndGlobal
